<Solution>
  <Folder Name="/.build/">
    <File Path="Directory.Build.props" />
    <File Path="Directory.Packages.props" />
    <File Path="global.json" />
  </Folder>
  <Folder Name="/src/">
    <Project Path="src/Wolfe.Lab/Wolfe.Lab.csproj" />
  </Folder>
  <Folder Name="/tests/">
    <Project Path="tests/Wolfe.Lab.Tests/Wolfe.Lab.Tests.csproj" />
  </Folder>
</Solution>
